
Microsoft Visual Studio Solution File, Format Version 12.00
# Visual Studio Version 17
VisualStudioVersion = 17.14.36212.18 d17.14
MinimumVisualStudioVersion = 10.0.40219.1
Project("{FAE04EC0-301F-11D3-BF4B-00C04F79EFBC}") = "DesignPatternUsages", "DesignPatternUsages\DesignPatternUsages.csproj", "{104673CA-3C2C-4C85-352C-C4DC9153F010}"
EndProject
Project("{FAE04EC0-301F-11D3-BF4B-00C04F79EFBC}") = "BuilderPatternRealWorldUsage", "..\BuilderPattern\BuilderPatternRealWorldUsage.csproj", "{31DD0660-92AD-478B-8D9A-9555915C4F58}"
EndProject
Project("{FAE04EC0-301F-11D3-BF4B-00C04F79EFBC}") = "BuilderPatternRegularExample", "BuilderPatternRegularExample\BuilderPatternRegularExample.csproj", "{40AC0F06-35FC-613C-9383-ABAA7CCE7DB6}"
EndProject
Global
	GlobalSection(SolutionConfigurationPlatforms) = preSolution
		Debug|Any CPU = Debug|Any CPU
		Release|Any CPU = Release|Any CPU
	EndGlobalSection
	GlobalSection(ProjectConfigurationPlatforms) = postSolution
		{104673CA-3C2C-4C85-352C-C4DC9153F010}.Debug|Any CPU.ActiveCfg = Debug|Any CPU
		{104673CA-3C2C-4C85-352C-C4DC9153F010}.Debug|Any CPU.Build.0 = Debug|Any CPU
		{104673CA-3C2C-4C85-352C-C4DC9153F010}.Release|Any CPU.ActiveCfg = Release|Any CPU
		{104673CA-3C2C-4C85-352C-C4DC9153F010}.Release|Any CPU.Build.0 = Release|Any CPU
		{31DD0660-92AD-478B-8D9A-9555915C4F58}.Debug|Any CPU.ActiveCfg = Debug|Any CPU
		{31DD0660-92AD-478B-8D9A-9555915C4F58}.Debug|Any CPU.Build.0 = Debug|Any CPU
		{31DD0660-92AD-478B-8D9A-9555915C4F58}.Release|Any CPU.ActiveCfg = Release|Any CPU
		{31DD0660-92AD-478B-8D9A-9555915C4F58}.Release|Any CPU.Build.0 = Release|Any CPU
		{40AC0F06-35FC-613C-9383-ABAA7CCE7DB6}.Debug|Any CPU.ActiveCfg = Debug|Any CPU
		{40AC0F06-35FC-613C-9383-ABAA7CCE7DB6}.Debug|Any CPU.Build.0 = Debug|Any CPU
		{40AC0F06-35FC-613C-9383-ABAA7CCE7DB6}.Release|Any CPU.ActiveCfg = Release|Any CPU
		{40AC0F06-35FC-613C-9383-ABAA7CCE7DB6}.Release|Any CPU.Build.0 = Release|Any CPU
	EndGlobalSection
	GlobalSection(SolutionProperties) = preSolution
		HideSolutionNode = FALSE
	EndGlobalSection
	GlobalSection(ExtensibilityGlobals) = postSolution
		SolutionGuid = {6D6C8CC0-2B1F-4BB9-B58F-F598693921C1}
	EndGlobalSection
EndGlobal
