
Microsoft Visual Studio Solution File, Format Version 12.00
# Visual Studio Version 17
VisualStudioVersion = 17.14.36212.18
MinimumVisualStudioVersion = 10.0.40219.1
Project("{2150E333-8FDC-42A3-9474-1A3956D46DE8}") = "src", "src", "{02EA681E-C7D8-13C7-8484-4AC65E1B71E8}"
EndProject
Project("{FAE04EC0-301F-11D3-BF4B-00C04F79EFBC}") = "BuilderPatternRealWorldUsage", "src\BuilderPatternRealWorldUsage\BuilderPatternRealWorldUsage.csproj", "{730AE2EC-C6E9-6E8A-C040-F191FFF4EB64}"
EndProject
Project("{FAE04EC0-301F-11D3-BF4B-00C04F79EFBC}") = "BuilderPatternRegularExample", "src\BuilderPatternRegularExample\BuilderPatternRegularExample.csproj", "{159C43F2-C5FD-9E6D-6F08-AB669A38F467}"
EndProject
Project("{FAE04EC0-301F-11D3-BF4B-00C04F79EFBC}") = "CommandPattern", "src\CommandPattern\CommandPattern.csproj", "{8260B077-1796-0634-7B2B-94EA1C4030FF}"
EndProject
Project("{FAE04EC0-301F-11D3-BF4B-00C04F79EFBC}") = "DecoratorPattern", "src\DecoratorPattern\DecoratorPattern.csproj", "{701EB7EB-D63F-DDC5-FB60-5FDF3C086555}"
EndProject
Project("{FAE04EC0-301F-11D3-BF4B-00C04F79EFBC}") = "ObservationPattern", "src\ObservationPattern\ObservationPattern.csproj", "{D2134D89-410E-E6B5-5FA8-5004415C4533}"
EndProject
Project("{FAE04EC0-301F-11D3-BF4B-00C04F79EFBC}") = "ProxyPattern", "src\ProxyPattern\ProxyPattern.csproj", "{8F5C78B7-A331-9CEA-8AA6-A171742726C5}"
EndProject
Project("{FAE04EC0-301F-11D3-BF4B-00C04F79EFBC}") = "StrategyPattern", "src\StrategyPattern\StrategyPattern.csproj", "{1DA25BE2-6707-F2BE-BCA0-B97719A612B6}"
EndProject
Project("{2150E333-8FDC-42A3-9474-1A3956D46DE8}") = "Solution Items", "Solution Items", "{952B3ECF-AB98-465C-AB67-643E639B843A}"
	ProjectSection(SolutionItems) = preProject
		README.md = README.md
	EndProjectSection
EndProject
Project("{FAE04EC0-301F-11D3-BF4B-00C04F79EFBC}") = "ResponsibleChainPattern", "src\ResponsibleChainPattern\ResponsibleChainPattern.csproj", "{08D34797-CF9D-05C3-6ABF-1945D2298742}"
EndProject
Project("{FAE04EC0-301F-11D3-BF4B-00C04F79EFBC}") = "StartupProject", "src\StartupProject\StartupProject.csproj", "{656D6F87-6476-DF2C-A51C-61BD427B1872}"
EndProject
Global
	GlobalSection(SolutionConfigurationPlatforms) = preSolution
		Debug|Any CPU = Debug|Any CPU
		Release|Any CPU = Release|Any CPU
	EndGlobalSection
	GlobalSection(ProjectConfigurationPlatforms) = postSolution
		{730AE2EC-C6E9-6E8A-C040-F191FFF4EB64}.Debug|Any CPU.ActiveCfg = Debug|Any CPU
		{730AE2EC-C6E9-6E8A-C040-F191FFF4EB64}.Debug|Any CPU.Build.0 = Debug|Any CPU
		{730AE2EC-C6E9-6E8A-C040-F191FFF4EB64}.Release|Any CPU.ActiveCfg = Release|Any CPU
		{730AE2EC-C6E9-6E8A-C040-F191FFF4EB64}.Release|Any CPU.Build.0 = Release|Any CPU
		{159C43F2-C5FD-9E6D-6F08-AB669A38F467}.Debug|Any CPU.ActiveCfg = Debug|Any CPU
		{159C43F2-C5FD-9E6D-6F08-AB669A38F467}.Debug|Any CPU.Build.0 = Debug|Any CPU
		{159C43F2-C5FD-9E6D-6F08-AB669A38F467}.Release|Any CPU.ActiveCfg = Release|Any CPU
		{159C43F2-C5FD-9E6D-6F08-AB669A38F467}.Release|Any CPU.Build.0 = Release|Any CPU
		{8260B077-1796-0634-7B2B-94EA1C4030FF}.Debug|Any CPU.ActiveCfg = Debug|Any CPU
		{8260B077-1796-0634-7B2B-94EA1C4030FF}.Debug|Any CPU.Build.0 = Debug|Any CPU
		{8260B077-1796-0634-7B2B-94EA1C4030FF}.Release|Any CPU.ActiveCfg = Release|Any CPU
		{8260B077-1796-0634-7B2B-94EA1C4030FF}.Release|Any CPU.Build.0 = Release|Any CPU
		{701EB7EB-D63F-DDC5-FB60-5FDF3C086555}.Debug|Any CPU.ActiveCfg = Debug|Any CPU
		{701EB7EB-D63F-DDC5-FB60-5FDF3C086555}.Debug|Any CPU.Build.0 = Debug|Any CPU
		{701EB7EB-D63F-DDC5-FB60-5FDF3C086555}.Release|Any CPU.ActiveCfg = Release|Any CPU
		{701EB7EB-D63F-DDC5-FB60-5FDF3C086555}.Release|Any CPU.Build.0 = Release|Any CPU
		{D2134D89-410E-E6B5-5FA8-5004415C4533}.Debug|Any CPU.ActiveCfg = Debug|Any CPU
		{D2134D89-410E-E6B5-5FA8-5004415C4533}.Debug|Any CPU.Build.0 = Debug|Any CPU
		{D2134D89-410E-E6B5-5FA8-5004415C4533}.Release|Any CPU.ActiveCfg = Release|Any CPU
		{D2134D89-410E-E6B5-5FA8-5004415C4533}.Release|Any CPU.Build.0 = Release|Any CPU
		{8F5C78B7-A331-9CEA-8AA6-A171742726C5}.Debug|Any CPU.ActiveCfg = Debug|Any CPU
		{8F5C78B7-A331-9CEA-8AA6-A171742726C5}.Debug|Any CPU.Build.0 = Debug|Any CPU
		{8F5C78B7-A331-9CEA-8AA6-A171742726C5}.Release|Any CPU.ActiveCfg = Release|Any CPU
		{8F5C78B7-A331-9CEA-8AA6-A171742726C5}.Release|Any CPU.Build.0 = Release|Any CPU
		{1DA25BE2-6707-F2BE-BCA0-B97719A612B6}.Debug|Any CPU.ActiveCfg = Debug|Any CPU
		{1DA25BE2-6707-F2BE-BCA0-B97719A612B6}.Debug|Any CPU.Build.0 = Debug|Any CPU
		{1DA25BE2-6707-F2BE-BCA0-B97719A612B6}.Release|Any CPU.ActiveCfg = Release|Any CPU
		{1DA25BE2-6707-F2BE-BCA0-B97719A612B6}.Release|Any CPU.Build.0 = Release|Any CPU
		{08D34797-CF9D-05C3-6ABF-1945D2298742}.Debug|Any CPU.ActiveCfg = Debug|Any CPU
		{08D34797-CF9D-05C3-6ABF-1945D2298742}.Debug|Any CPU.Build.0 = Debug|Any CPU
		{08D34797-CF9D-05C3-6ABF-1945D2298742}.Release|Any CPU.ActiveCfg = Release|Any CPU
		{08D34797-CF9D-05C3-6ABF-1945D2298742}.Release|Any CPU.Build.0 = Release|Any CPU
		{656D6F87-6476-DF2C-A51C-61BD427B1872}.Debug|Any CPU.ActiveCfg = Debug|Any CPU
		{656D6F87-6476-DF2C-A51C-61BD427B1872}.Debug|Any CPU.Build.0 = Debug|Any CPU
		{656D6F87-6476-DF2C-A51C-61BD427B1872}.Release|Any CPU.ActiveCfg = Release|Any CPU
		{656D6F87-6476-DF2C-A51C-61BD427B1872}.Release|Any CPU.Build.0 = Release|Any CPU
	EndGlobalSection
	GlobalSection(SolutionProperties) = preSolution
		HideSolutionNode = FALSE
	EndGlobalSection
	GlobalSection(NestedProjects) = preSolution
		{730AE2EC-C6E9-6E8A-C040-F191FFF4EB64} = {02EA681E-C7D8-13C7-8484-4AC65E1B71E8}
		{159C43F2-C5FD-9E6D-6F08-AB669A38F467} = {02EA681E-C7D8-13C7-8484-4AC65E1B71E8}
		{8260B077-1796-0634-7B2B-94EA1C4030FF} = {02EA681E-C7D8-13C7-8484-4AC65E1B71E8}
		{701EB7EB-D63F-DDC5-FB60-5FDF3C086555} = {02EA681E-C7D8-13C7-8484-4AC65E1B71E8}
		{D2134D89-410E-E6B5-5FA8-5004415C4533} = {02EA681E-C7D8-13C7-8484-4AC65E1B71E8}
		{8F5C78B7-A331-9CEA-8AA6-A171742726C5} = {02EA681E-C7D8-13C7-8484-4AC65E1B71E8}
		{1DA25BE2-6707-F2BE-BCA0-B97719A612B6} = {02EA681E-C7D8-13C7-8484-4AC65E1B71E8}
		{08D34797-CF9D-05C3-6ABF-1945D2298742} = {02EA681E-C7D8-13C7-8484-4AC65E1B71E8}
		{656D6F87-6476-DF2C-A51C-61BD427B1872} = {02EA681E-C7D8-13C7-8484-4AC65E1B71E8}
	EndGlobalSection
	GlobalSection(ExtensibilityGlobals) = postSolution
		SolutionGuid = {6D6C8CC0-2B1F-4BB9-B58F-F598693921C1}
	EndGlobalSection
EndGlobal
